
Microsoft Visual Studio Solution File, Format Version 12.00
# Visual Studio 15
VisualStudioVersion = 15.0.27102.0
MinimumVisualStudioVersion = 10.0.40219.1
Project("{9A19103F-16F7-4668-BE54-9A1E7A4F7556}") = "Xam.Renderer", "Xam.Renderer\Xam.Renderer.csproj", "{3C33777B-4EF7-420C-BD5F-4435A500DFFE}"
EndProject
Project("{FAE04EC0-301F-11D3-BF4B-00C04F79EFBC}") = "Xam.Renderer.Demo.Android", "Xam.Renderer.Demo\Xam.Renderer.Demo.Android\Xam.Renderer.Demo.Android.csproj", "{DA9595F3-9606-41E2-94B5-C898125EFFE6}"
EndProject
Project("{FAE04EC0-301F-11D3-BF4B-00C04F79EFBC}") = "Xam.Renderer.Demo.iOS", "Xam.Renderer.Demo\Xam.Renderer.Demo.iOS\Xam.Renderer.Demo.iOS.csproj", "{155AE4FF-FDDC-4A0A-AC4B-80D5AE6B882F}"
EndProject
Project("{FAE04EC0-301F-11D3-BF4B-00C04F79EFBC}") = "Xam.Renderer.Demo.UWP", "Xam.Renderer.Demo\Xam.Renderer.Demo.UWP\Xam.Renderer.Demo.UWP.csproj", "{8D9000AE-8AF8-4B3A-BCC2-24ED58C1E1DE}"
EndProject
Project("{FAE04EC0-301F-11D3-BF4B-00C04F79EFBC}") = "Xam.Renderer.Demo", "Xam.Renderer.Demo\Xam.Renderer.Demo\Xam.Renderer.Demo.csproj", "{17AA3A32-041F-499B-86C0-4A0DA7BD58DB}"
EndProject
Global
	GlobalSection(SolutionConfigurationPlatforms) = preSolution
		Ad-Hoc|Any CPU = Ad-Hoc|Any CPU
		Ad-Hoc|ARM = Ad-Hoc|ARM
		Ad-Hoc|iPhone = Ad-Hoc|iPhone
		Ad-Hoc|iPhoneSimulator = Ad-Hoc|iPhoneSimulator
		Ad-Hoc|x64 = Ad-Hoc|x64
		Ad-Hoc|x86 = Ad-Hoc|x86
		AppStore|Any CPU = AppStore|Any CPU
		AppStore|ARM = AppStore|ARM
		AppStore|iPhone = AppStore|iPhone
		AppStore|iPhoneSimulator = AppStore|iPhoneSimulator
		AppStore|x64 = AppStore|x64
		AppStore|x86 = AppStore|x86
		Debug|Any CPU = Debug|Any CPU
		Debug|ARM = Debug|ARM
		Debug|iPhone = Debug|iPhone
		Debug|iPhoneSimulator = Debug|iPhoneSimulator
		Debug|x64 = Debug|x64
		Debug|x86 = Debug|x86
		Release|Any CPU = Release|Any CPU
		Release|ARM = Release|ARM
		Release|iPhone = Release|iPhone
		Release|iPhoneSimulator = Release|iPhoneSimulator
		Release|x64 = Release|x64
		Release|x86 = Release|x86
	EndGlobalSection
	GlobalSection(ProjectConfigurationPlatforms) = postSolution
		{3C33777B-4EF7-420C-BD5F-4435A500DFFE}.Ad-Hoc|Any CPU.ActiveCfg = Debug|Any CPU
		{3C33777B-4EF7-420C-BD5F-4435A500DFFE}.Ad-Hoc|Any CPU.Build.0 = Debug|Any CPU
		{3C33777B-4EF7-420C-BD5F-4435A500DFFE}.Ad-Hoc|ARM.ActiveCfg = Debug|Any CPU
		{3C33777B-4EF7-420C-BD5F-4435A500DFFE}.Ad-Hoc|ARM.Build.0 = Debug|Any CPU
		{3C33777B-4EF7-420C-BD5F-4435A500DFFE}.Ad-Hoc|iPhone.ActiveCfg = Debug|Any CPU
		{3C33777B-4EF7-420C-BD5F-4435A500DFFE}.Ad-Hoc|iPhone.Build.0 = Debug|Any CPU
		{3C33777B-4EF7-420C-BD5F-4435A500DFFE}.Ad-Hoc|iPhoneSimulator.ActiveCfg = Debug|Any CPU
		{3C33777B-4EF7-420C-BD5F-4435A500DFFE}.Ad-Hoc|iPhoneSimulator.Build.0 = Debug|Any CPU
		{3C33777B-4EF7-420C-BD5F-4435A500DFFE}.Ad-Hoc|x64.ActiveCfg = Debug|Any CPU
		{3C33777B-4EF7-420C-BD5F-4435A500DFFE}.Ad-Hoc|x64.Build.0 = Debug|Any CPU
		{3C33777B-4EF7-420C-BD5F-4435A500DFFE}.Ad-Hoc|x86.ActiveCfg = Debug|Any CPU
		{3C33777B-4EF7-420C-BD5F-4435A500DFFE}.Ad-Hoc|x86.Build.0 = Debug|Any CPU
		{3C33777B-4EF7-420C-BD5F-4435A500DFFE}.AppStore|Any CPU.ActiveCfg = Debug|Any CPU
		{3C33777B-4EF7-420C-BD5F-4435A500DFFE}.AppStore|Any CPU.Build.0 = Debug|Any CPU
		{3C33777B-4EF7-420C-BD5F-4435A500DFFE}.AppStore|ARM.ActiveCfg = Debug|Any CPU
		{3C33777B-4EF7-420C-BD5F-4435A500DFFE}.AppStore|ARM.Build.0 = Debug|Any CPU
		{3C33777B-4EF7-420C-BD5F-4435A500DFFE}.AppStore|iPhone.ActiveCfg = Debug|Any CPU
		{3C33777B-4EF7-420C-BD5F-4435A500DFFE}.AppStore|iPhone.Build.0 = Debug|Any CPU
		{3C33777B-4EF7-420C-BD5F-4435A500DFFE}.AppStore|iPhoneSimulator.ActiveCfg = Debug|Any CPU
		{3C33777B-4EF7-420C-BD5F-4435A500DFFE}.AppStore|iPhoneSimulator.Build.0 = Debug|Any CPU
		{3C33777B-4EF7-420C-BD5F-4435A500DFFE}.AppStore|x64.ActiveCfg = Debug|Any CPU
		{3C33777B-4EF7-420C-BD5F-4435A500DFFE}.AppStore|x64.Build.0 = Debug|Any CPU
		{3C33777B-4EF7-420C-BD5F-4435A500DFFE}.AppStore|x86.ActiveCfg = Debug|Any CPU
		{3C33777B-4EF7-420C-BD5F-4435A500DFFE}.AppStore|x86.Build.0 = Debug|Any CPU
		{3C33777B-4EF7-420C-BD5F-4435A500DFFE}.Debug|Any CPU.ActiveCfg = Debug|Any CPU
		{3C33777B-4EF7-420C-BD5F-4435A500DFFE}.Debug|Any CPU.Build.0 = Debug|Any CPU
		{3C33777B-4EF7-420C-BD5F-4435A500DFFE}.Debug|ARM.ActiveCfg = Debug|Any CPU
		{3C33777B-4EF7-420C-BD5F-4435A500DFFE}.Debug|ARM.Build.0 = Debug|Any CPU
		{3C33777B-4EF7-420C-BD5F-4435A500DFFE}.Debug|iPhone.ActiveCfg = Debug|Any CPU
		{3C33777B-4EF7-420C-BD5F-4435A500DFFE}.Debug|iPhone.Build.0 = Debug|Any CPU
		{3C33777B-4EF7-420C-BD5F-4435A500DFFE}.Debug|iPhoneSimulator.ActiveCfg = Debug|Any CPU
		{3C33777B-4EF7-420C-BD5F-4435A500DFFE}.Debug|iPhoneSimulator.Build.0 = Debug|Any CPU
		{3C33777B-4EF7-420C-BD5F-4435A500DFFE}.Debug|x64.ActiveCfg = Debug|Any CPU
		{3C33777B-4EF7-420C-BD5F-4435A500DFFE}.Debug|x64.Build.0 = Debug|Any CPU
		{3C33777B-4EF7-420C-BD5F-4435A500DFFE}.Debug|x86.ActiveCfg = Debug|Any CPU
		{3C33777B-4EF7-420C-BD5F-4435A500DFFE}.Debug|x86.Build.0 = Debug|Any CPU
		{3C33777B-4EF7-420C-BD5F-4435A500DFFE}.Release|Any CPU.ActiveCfg = Release|Any CPU
		{3C33777B-4EF7-420C-BD5F-4435A500DFFE}.Release|Any CPU.Build.0 = Release|Any CPU
		{3C33777B-4EF7-420C-BD5F-4435A500DFFE}.Release|ARM.ActiveCfg = Release|Any CPU
		{3C33777B-4EF7-420C-BD5F-4435A500DFFE}.Release|ARM.Build.0 = Release|Any CPU
		{3C33777B-4EF7-420C-BD5F-4435A500DFFE}.Release|iPhone.ActiveCfg = Release|Any CPU
		{3C33777B-4EF7-420C-BD5F-4435A500DFFE}.Release|iPhone.Build.0 = Release|Any CPU
		{3C33777B-4EF7-420C-BD5F-4435A500DFFE}.Release|iPhoneSimulator.ActiveCfg = Release|Any CPU
		{3C33777B-4EF7-420C-BD5F-4435A500DFFE}.Release|iPhoneSimulator.Build.0 = Release|Any CPU
		{3C33777B-4EF7-420C-BD5F-4435A500DFFE}.Release|x64.ActiveCfg = Release|Any CPU
		{3C33777B-4EF7-420C-BD5F-4435A500DFFE}.Release|x64.Build.0 = Release|Any CPU
		{3C33777B-4EF7-420C-BD5F-4435A500DFFE}.Release|x86.ActiveCfg = Release|Any CPU
		{3C33777B-4EF7-420C-BD5F-4435A500DFFE}.Release|x86.Build.0 = Release|Any CPU
		{DA9595F3-9606-41E2-94B5-C898125EFFE6}.Ad-Hoc|Any CPU.ActiveCfg = Release|Any CPU
		{DA9595F3-9606-41E2-94B5-C898125EFFE6}.Ad-Hoc|Any CPU.Build.0 = Release|Any CPU
		{DA9595F3-9606-41E2-94B5-C898125EFFE6}.Ad-Hoc|Any CPU.Deploy.0 = Release|Any CPU
		{DA9595F3-9606-41E2-94B5-C898125EFFE6}.Ad-Hoc|ARM.ActiveCfg = Release|Any CPU
		{DA9595F3-9606-41E2-94B5-C898125EFFE6}.Ad-Hoc|ARM.Build.0 = Release|Any CPU
		{DA9595F3-9606-41E2-94B5-C898125EFFE6}.Ad-Hoc|ARM.Deploy.0 = Release|Any CPU
		{DA9595F3-9606-41E2-94B5-C898125EFFE6}.Ad-Hoc|iPhone.ActiveCfg = Release|Any CPU
		{DA9595F3-9606-41E2-94B5-C898125EFFE6}.Ad-Hoc|iPhone.Build.0 = Release|Any CPU
		{DA9595F3-9606-41E2-94B5-C898125EFFE6}.Ad-Hoc|iPhone.Deploy.0 = Release|Any CPU
		{DA9595F3-9606-41E2-94B5-C898125EFFE6}.Ad-Hoc|iPhoneSimulator.ActiveCfg = Release|Any CPU
		{DA9595F3-9606-41E2-94B5-C898125EFFE6}.Ad-Hoc|iPhoneSimulator.Build.0 = Release|Any CPU
		{DA9595F3-9606-41E2-94B5-C898125EFFE6}.Ad-Hoc|iPhoneSimulator.Deploy.0 = Release|Any CPU
		{DA9595F3-9606-41E2-94B5-C898125EFFE6}.Ad-Hoc|x64.ActiveCfg = Release|Any CPU
		{DA9595F3-9606-41E2-94B5-C898125EFFE6}.Ad-Hoc|x64.Build.0 = Release|Any CPU
		{DA9595F3-9606-41E2-94B5-C898125EFFE6}.Ad-Hoc|x64.Deploy.0 = Release|Any CPU
		{DA9595F3-9606-41E2-94B5-C898125EFFE6}.Ad-Hoc|x86.ActiveCfg = Release|Any CPU
		{DA9595F3-9606-41E2-94B5-C898125EFFE6}.Ad-Hoc|x86.Build.0 = Release|Any CPU
		{DA9595F3-9606-41E2-94B5-C898125EFFE6}.Ad-Hoc|x86.Deploy.0 = Release|Any CPU
		{DA9595F3-9606-41E2-94B5-C898125EFFE6}.AppStore|Any CPU.ActiveCfg = Release|Any CPU
		{DA9595F3-9606-41E2-94B5-C898125EFFE6}.AppStore|Any CPU.Build.0 = Release|Any CPU
		{DA9595F3-9606-41E2-94B5-C898125EFFE6}.AppStore|Any CPU.Deploy.0 = Release|Any CPU
		{DA9595F3-9606-41E2-94B5-C898125EFFE6}.AppStore|ARM.ActiveCfg = Release|Any CPU
		{DA9595F3-9606-41E2-94B5-C898125EFFE6}.AppStore|ARM.Build.0 = Release|Any CPU
		{DA9595F3-9606-41E2-94B5-C898125EFFE6}.AppStore|ARM.Deploy.0 = Release|Any CPU
		{DA9595F3-9606-41E2-94B5-C898125EFFE6}.AppStore|iPhone.ActiveCfg = Release|Any CPU
		{DA9595F3-9606-41E2-94B5-C898125EFFE6}.AppStore|iPhone.Build.0 = Release|Any CPU
		{DA9595F3-9606-41E2-94B5-C898125EFFE6}.AppStore|iPhone.Deploy.0 = Release|Any CPU
		{DA9595F3-9606-41E2-94B5-C898125EFFE6}.AppStore|iPhoneSimulator.ActiveCfg = Release|Any CPU
		{DA9595F3-9606-41E2-94B5-C898125EFFE6}.AppStore|iPhoneSimulator.Build.0 = Release|Any CPU
		{DA9595F3-9606-41E2-94B5-C898125EFFE6}.AppStore|iPhoneSimulator.Deploy.0 = Release|Any CPU
		{DA9595F3-9606-41E2-94B5-C898125EFFE6}.AppStore|x64.ActiveCfg = Release|Any CPU
		{DA9595F3-9606-41E2-94B5-C898125EFFE6}.AppStore|x64.Build.0 = Release|Any CPU
		{DA9595F3-9606-41E2-94B5-C898125EFFE6}.AppStore|x64.Deploy.0 = Release|Any CPU
		{DA9595F3-9606-41E2-94B5-C898125EFFE6}.AppStore|x86.ActiveCfg = Release|Any CPU
		{DA9595F3-9606-41E2-94B5-C898125EFFE6}.AppStore|x86.Build.0 = Release|Any CPU
		{DA9595F3-9606-41E2-94B5-C898125EFFE6}.AppStore|x86.Deploy.0 = Release|Any CPU
		{DA9595F3-9606-41E2-94B5-C898125EFFE6}.Debug|Any CPU.ActiveCfg = Debug|Any CPU
		{DA9595F3-9606-41E2-94B5-C898125EFFE6}.Debug|Any CPU.Build.0 = Debug|Any CPU
		{DA9595F3-9606-41E2-94B5-C898125EFFE6}.Debug|Any CPU.Deploy.0 = Debug|Any CPU
		{DA9595F3-9606-41E2-94B5-C898125EFFE6}.Debug|ARM.ActiveCfg = Debug|Any CPU
		{DA9595F3-9606-41E2-94B5-C898125EFFE6}.Debug|ARM.Build.0 = Debug|Any CPU
		{DA9595F3-9606-41E2-94B5-C898125EFFE6}.Debug|ARM.Deploy.0 = Debug|Any CPU
		{DA9595F3-9606-41E2-94B5-C898125EFFE6}.Debug|iPhone.ActiveCfg = Debug|Any CPU
		{DA9595F3-9606-41E2-94B5-C898125EFFE6}.Debug|iPhone.Build.0 = Debug|Any CPU
		{DA9595F3-9606-41E2-94B5-C898125EFFE6}.Debug|iPhone.Deploy.0 = Debug|Any CPU
		{DA9595F3-9606-41E2-94B5-C898125EFFE6}.Debug|iPhoneSimulator.ActiveCfg = Debug|Any CPU
		{DA9595F3-9606-41E2-94B5-C898125EFFE6}.Debug|iPhoneSimulator.Build.0 = Debug|Any CPU
		{DA9595F3-9606-41E2-94B5-C898125EFFE6}.Debug|iPhoneSimulator.Deploy.0 = Debug|Any CPU
		{DA9595F3-9606-41E2-94B5-C898125EFFE6}.Debug|x64.ActiveCfg = Debug|Any CPU
		{DA9595F3-9606-41E2-94B5-C898125EFFE6}.Debug|x64.Build.0 = Debug|Any CPU
		{DA9595F3-9606-41E2-94B5-C898125EFFE6}.Debug|x64.Deploy.0 = Debug|Any CPU
		{DA9595F3-9606-41E2-94B5-C898125EFFE6}.Debug|x86.ActiveCfg = Debug|Any CPU
		{DA9595F3-9606-41E2-94B5-C898125EFFE6}.Debug|x86.Build.0 = Debug|Any CPU
		{DA9595F3-9606-41E2-94B5-C898125EFFE6}.Debug|x86.Deploy.0 = Debug|Any CPU
		{DA9595F3-9606-41E2-94B5-C898125EFFE6}.Release|Any CPU.ActiveCfg = Release|Any CPU
		{DA9595F3-9606-41E2-94B5-C898125EFFE6}.Release|Any CPU.Build.0 = Release|Any CPU
		{DA9595F3-9606-41E2-94B5-C898125EFFE6}.Release|Any CPU.Deploy.0 = Release|Any CPU
		{DA9595F3-9606-41E2-94B5-C898125EFFE6}.Release|ARM.ActiveCfg = Release|Any CPU
		{DA9595F3-9606-41E2-94B5-C898125EFFE6}.Release|ARM.Build.0 = Release|Any CPU
		{DA9595F3-9606-41E2-94B5-C898125EFFE6}.Release|ARM.Deploy.0 = Release|Any CPU
		{DA9595F3-9606-41E2-94B5-C898125EFFE6}.Release|iPhone.ActiveCfg = Release|Any CPU
		{DA9595F3-9606-41E2-94B5-C898125EFFE6}.Release|iPhone.Build.0 = Release|Any CPU
		{DA9595F3-9606-41E2-94B5-C898125EFFE6}.Release|iPhone.Deploy.0 = Release|Any CPU
		{DA9595F3-9606-41E2-94B5-C898125EFFE6}.Release|iPhoneSimulator.ActiveCfg = Release|Any CPU
		{DA9595F3-9606-41E2-94B5-C898125EFFE6}.Release|iPhoneSimulator.Build.0 = Release|Any CPU
		{DA9595F3-9606-41E2-94B5-C898125EFFE6}.Release|iPhoneSimulator.Deploy.0 = Release|Any CPU
		{DA9595F3-9606-41E2-94B5-C898125EFFE6}.Release|x64.ActiveCfg = Release|Any CPU
		{DA9595F3-9606-41E2-94B5-C898125EFFE6}.Release|x64.Build.0 = Release|Any CPU
		{DA9595F3-9606-41E2-94B5-C898125EFFE6}.Release|x64.Deploy.0 = Release|Any CPU
		{DA9595F3-9606-41E2-94B5-C898125EFFE6}.Release|x86.ActiveCfg = Release|Any CPU
		{DA9595F3-9606-41E2-94B5-C898125EFFE6}.Release|x86.Build.0 = Release|Any CPU
		{DA9595F3-9606-41E2-94B5-C898125EFFE6}.Release|x86.Deploy.0 = Release|Any CPU
		{155AE4FF-FDDC-4A0A-AC4B-80D5AE6B882F}.Ad-Hoc|Any CPU.ActiveCfg = Ad-Hoc|iPhone
		{155AE4FF-FDDC-4A0A-AC4B-80D5AE6B882F}.Ad-Hoc|ARM.ActiveCfg = Ad-Hoc|iPhone
		{155AE4FF-FDDC-4A0A-AC4B-80D5AE6B882F}.Ad-Hoc|iPhone.ActiveCfg = Ad-Hoc|iPhone
		{155AE4FF-FDDC-4A0A-AC4B-80D5AE6B882F}.Ad-Hoc|iPhone.Build.0 = Ad-Hoc|iPhone
		{155AE4FF-FDDC-4A0A-AC4B-80D5AE6B882F}.Ad-Hoc|iPhoneSimulator.ActiveCfg = Ad-Hoc|iPhoneSimulator
		{155AE4FF-FDDC-4A0A-AC4B-80D5AE6B882F}.Ad-Hoc|iPhoneSimulator.Build.0 = Ad-Hoc|iPhoneSimulator
		{155AE4FF-FDDC-4A0A-AC4B-80D5AE6B882F}.Ad-Hoc|x64.ActiveCfg = Ad-Hoc|iPhone
		{155AE4FF-FDDC-4A0A-AC4B-80D5AE6B882F}.Ad-Hoc|x86.ActiveCfg = Ad-Hoc|iPhone
		{155AE4FF-FDDC-4A0A-AC4B-80D5AE6B882F}.AppStore|Any CPU.ActiveCfg = AppStore|iPhone
		{155AE4FF-FDDC-4A0A-AC4B-80D5AE6B882F}.AppStore|ARM.ActiveCfg = AppStore|iPhone
		{155AE4FF-FDDC-4A0A-AC4B-80D5AE6B882F}.AppStore|iPhone.ActiveCfg = AppStore|iPhone
		{155AE4FF-FDDC-4A0A-AC4B-80D5AE6B882F}.AppStore|iPhone.Build.0 = AppStore|iPhone
		{155AE4FF-FDDC-4A0A-AC4B-80D5AE6B882F}.AppStore|iPhoneSimulator.ActiveCfg = AppStore|iPhoneSimulator
		{155AE4FF-FDDC-4A0A-AC4B-80D5AE6B882F}.AppStore|iPhoneSimulator.Build.0 = AppStore|iPhoneSimulator
		{155AE4FF-FDDC-4A0A-AC4B-80D5AE6B882F}.AppStore|x64.ActiveCfg = AppStore|iPhone
		{155AE4FF-FDDC-4A0A-AC4B-80D5AE6B882F}.AppStore|x86.ActiveCfg = AppStore|iPhone
		{155AE4FF-FDDC-4A0A-AC4B-80D5AE6B882F}.Debug|Any CPU.ActiveCfg = Debug|iPhone
		{155AE4FF-FDDC-4A0A-AC4B-80D5AE6B882F}.Debug|ARM.ActiveCfg = Debug|iPhone
		{155AE4FF-FDDC-4A0A-AC4B-80D5AE6B882F}.Debug|iPhone.ActiveCfg = Debug|iPhone
		{155AE4FF-FDDC-4A0A-AC4B-80D5AE6B882F}.Debug|iPhone.Build.0 = Debug|iPhone
		{155AE4FF-FDDC-4A0A-AC4B-80D5AE6B882F}.Debug|iPhoneSimulator.ActiveCfg = Debug|iPhoneSimulator
		{155AE4FF-FDDC-4A0A-AC4B-80D5AE6B882F}.Debug|iPhoneSimulator.Build.0 = Debug|iPhoneSimulator
		{155AE4FF-FDDC-4A0A-AC4B-80D5AE6B882F}.Debug|x64.ActiveCfg = Debug|iPhone
		{155AE4FF-FDDC-4A0A-AC4B-80D5AE6B882F}.Debug|x86.ActiveCfg = Debug|iPhone
		{155AE4FF-FDDC-4A0A-AC4B-80D5AE6B882F}.Release|Any CPU.ActiveCfg = Release|iPhone
		{155AE4FF-FDDC-4A0A-AC4B-80D5AE6B882F}.Release|ARM.ActiveCfg = Release|iPhone
		{155AE4FF-FDDC-4A0A-AC4B-80D5AE6B882F}.Release|iPhone.ActiveCfg = Release|iPhone
		{155AE4FF-FDDC-4A0A-AC4B-80D5AE6B882F}.Release|iPhone.Build.0 = Release|iPhone
		{155AE4FF-FDDC-4A0A-AC4B-80D5AE6B882F}.Release|iPhoneSimulator.ActiveCfg = Release|iPhoneSimulator
		{155AE4FF-FDDC-4A0A-AC4B-80D5AE6B882F}.Release|iPhoneSimulator.Build.0 = Release|iPhoneSimulator
		{155AE4FF-FDDC-4A0A-AC4B-80D5AE6B882F}.Release|x64.ActiveCfg = Release|iPhone
		{155AE4FF-FDDC-4A0A-AC4B-80D5AE6B882F}.Release|x86.ActiveCfg = Release|iPhone
		{8D9000AE-8AF8-4B3A-BCC2-24ED58C1E1DE}.Ad-Hoc|Any CPU.ActiveCfg = Release|x86
		{8D9000AE-8AF8-4B3A-BCC2-24ED58C1E1DE}.Ad-Hoc|Any CPU.Build.0 = Release|x86
		{8D9000AE-8AF8-4B3A-BCC2-24ED58C1E1DE}.Ad-Hoc|Any CPU.Deploy.0 = Release|x86
		{8D9000AE-8AF8-4B3A-BCC2-24ED58C1E1DE}.Ad-Hoc|ARM.ActiveCfg = Release|ARM
		{8D9000AE-8AF8-4B3A-BCC2-24ED58C1E1DE}.Ad-Hoc|ARM.Build.0 = Release|ARM
		{8D9000AE-8AF8-4B3A-BCC2-24ED58C1E1DE}.Ad-Hoc|ARM.Deploy.0 = Release|ARM
		{8D9000AE-8AF8-4B3A-BCC2-24ED58C1E1DE}.Ad-Hoc|iPhone.ActiveCfg = Release|x86
		{8D9000AE-8AF8-4B3A-BCC2-24ED58C1E1DE}.Ad-Hoc|iPhone.Build.0 = Release|x86
		{8D9000AE-8AF8-4B3A-BCC2-24ED58C1E1DE}.Ad-Hoc|iPhone.Deploy.0 = Release|x86
		{8D9000AE-8AF8-4B3A-BCC2-24ED58C1E1DE}.Ad-Hoc|iPhoneSimulator.ActiveCfg = Release|x86
		{8D9000AE-8AF8-4B3A-BCC2-24ED58C1E1DE}.Ad-Hoc|iPhoneSimulator.Build.0 = Release|x86
		{8D9000AE-8AF8-4B3A-BCC2-24ED58C1E1DE}.Ad-Hoc|iPhoneSimulator.Deploy.0 = Release|x86
		{8D9000AE-8AF8-4B3A-BCC2-24ED58C1E1DE}.Ad-Hoc|x64.ActiveCfg = Release|x64
		{8D9000AE-8AF8-4B3A-BCC2-24ED58C1E1DE}.Ad-Hoc|x64.Build.0 = Release|x64
		{8D9000AE-8AF8-4B3A-BCC2-24ED58C1E1DE}.Ad-Hoc|x64.Deploy.0 = Release|x64
		{8D9000AE-8AF8-4B3A-BCC2-24ED58C1E1DE}.Ad-Hoc|x86.ActiveCfg = Release|x86
		{8D9000AE-8AF8-4B3A-BCC2-24ED58C1E1DE}.Ad-Hoc|x86.Build.0 = Release|x86
		{8D9000AE-8AF8-4B3A-BCC2-24ED58C1E1DE}.Ad-Hoc|x86.Deploy.0 = Release|x86
		{8D9000AE-8AF8-4B3A-BCC2-24ED58C1E1DE}.AppStore|Any CPU.ActiveCfg = Release|x86
		{8D9000AE-8AF8-4B3A-BCC2-24ED58C1E1DE}.AppStore|Any CPU.Build.0 = Release|x86
		{8D9000AE-8AF8-4B3A-BCC2-24ED58C1E1DE}.AppStore|Any CPU.Deploy.0 = Release|x86
		{8D9000AE-8AF8-4B3A-BCC2-24ED58C1E1DE}.AppStore|ARM.ActiveCfg = Release|ARM
		{8D9000AE-8AF8-4B3A-BCC2-24ED58C1E1DE}.AppStore|ARM.Build.0 = Release|ARM
		{8D9000AE-8AF8-4B3A-BCC2-24ED58C1E1DE}.AppStore|ARM.Deploy.0 = Release|ARM
		{8D9000AE-8AF8-4B3A-BCC2-24ED58C1E1DE}.AppStore|iPhone.ActiveCfg = Release|x86
		{8D9000AE-8AF8-4B3A-BCC2-24ED58C1E1DE}.AppStore|iPhone.Build.0 = Release|x86
		{8D9000AE-8AF8-4B3A-BCC2-24ED58C1E1DE}.AppStore|iPhone.Deploy.0 = Release|x86
		{8D9000AE-8AF8-4B3A-BCC2-24ED58C1E1DE}.AppStore|iPhoneSimulator.ActiveCfg = Release|x86
		{8D9000AE-8AF8-4B3A-BCC2-24ED58C1E1DE}.AppStore|iPhoneSimulator.Build.0 = Release|x86
		{8D9000AE-8AF8-4B3A-BCC2-24ED58C1E1DE}.AppStore|iPhoneSimulator.Deploy.0 = Release|x86
		{8D9000AE-8AF8-4B3A-BCC2-24ED58C1E1DE}.AppStore|x64.ActiveCfg = Release|x64
		{8D9000AE-8AF8-4B3A-BCC2-24ED58C1E1DE}.AppStore|x64.Build.0 = Release|x64
		{8D9000AE-8AF8-4B3A-BCC2-24ED58C1E1DE}.AppStore|x64.Deploy.0 = Release|x64
		{8D9000AE-8AF8-4B3A-BCC2-24ED58C1E1DE}.AppStore|x86.ActiveCfg = Release|x86
		{8D9000AE-8AF8-4B3A-BCC2-24ED58C1E1DE}.AppStore|x86.Build.0 = Release|x86
		{8D9000AE-8AF8-4B3A-BCC2-24ED58C1E1DE}.AppStore|x86.Deploy.0 = Release|x86
		{8D9000AE-8AF8-4B3A-BCC2-24ED58C1E1DE}.Debug|Any CPU.ActiveCfg = Debug|x86
		{8D9000AE-8AF8-4B3A-BCC2-24ED58C1E1DE}.Debug|ARM.ActiveCfg = Debug|ARM
		{8D9000AE-8AF8-4B3A-BCC2-24ED58C1E1DE}.Debug|ARM.Build.0 = Debug|ARM
		{8D9000AE-8AF8-4B3A-BCC2-24ED58C1E1DE}.Debug|ARM.Deploy.0 = Debug|ARM
		{8D9000AE-8AF8-4B3A-BCC2-24ED58C1E1DE}.Debug|iPhone.ActiveCfg = Debug|x86
		{8D9000AE-8AF8-4B3A-BCC2-24ED58C1E1DE}.Debug|iPhoneSimulator.ActiveCfg = Debug|x86
		{8D9000AE-8AF8-4B3A-BCC2-24ED58C1E1DE}.Debug|x64.ActiveCfg = Debug|x64
		{8D9000AE-8AF8-4B3A-BCC2-24ED58C1E1DE}.Debug|x64.Build.0 = Debug|x64
		{8D9000AE-8AF8-4B3A-BCC2-24ED58C1E1DE}.Debug|x64.Deploy.0 = Debug|x64
		{8D9000AE-8AF8-4B3A-BCC2-24ED58C1E1DE}.Debug|x86.ActiveCfg = Debug|x86
		{8D9000AE-8AF8-4B3A-BCC2-24ED58C1E1DE}.Debug|x86.Build.0 = Debug|x86
		{8D9000AE-8AF8-4B3A-BCC2-24ED58C1E1DE}.Debug|x86.Deploy.0 = Debug|x86
		{8D9000AE-8AF8-4B3A-BCC2-24ED58C1E1DE}.Release|Any CPU.ActiveCfg = Release|x86
		{8D9000AE-8AF8-4B3A-BCC2-24ED58C1E1DE}.Release|ARM.ActiveCfg = Release|ARM
		{8D9000AE-8AF8-4B3A-BCC2-24ED58C1E1DE}.Release|ARM.Build.0 = Release|ARM
		{8D9000AE-8AF8-4B3A-BCC2-24ED58C1E1DE}.Release|ARM.Deploy.0 = Release|ARM
		{8D9000AE-8AF8-4B3A-BCC2-24ED58C1E1DE}.Release|iPhone.ActiveCfg = Release|x86
		{8D9000AE-8AF8-4B3A-BCC2-24ED58C1E1DE}.Release|iPhoneSimulator.ActiveCfg = Release|x86
		{8D9000AE-8AF8-4B3A-BCC2-24ED58C1E1DE}.Release|x64.ActiveCfg = Release|x64
		{8D9000AE-8AF8-4B3A-BCC2-24ED58C1E1DE}.Release|x64.Build.0 = Release|x64
		{8D9000AE-8AF8-4B3A-BCC2-24ED58C1E1DE}.Release|x64.Deploy.0 = Release|x64
		{8D9000AE-8AF8-4B3A-BCC2-24ED58C1E1DE}.Release|x86.ActiveCfg = Release|x86
		{8D9000AE-8AF8-4B3A-BCC2-24ED58C1E1DE}.Release|x86.Build.0 = Release|x86
		{8D9000AE-8AF8-4B3A-BCC2-24ED58C1E1DE}.Release|x86.Deploy.0 = Release|x86
		{17AA3A32-041F-499B-86C0-4A0DA7BD58DB}.Ad-Hoc|Any CPU.ActiveCfg = Debug|Any CPU
		{17AA3A32-041F-499B-86C0-4A0DA7BD58DB}.Ad-Hoc|Any CPU.Build.0 = Debug|Any CPU
		{17AA3A32-041F-499B-86C0-4A0DA7BD58DB}.Ad-Hoc|ARM.ActiveCfg = Debug|Any CPU
		{17AA3A32-041F-499B-86C0-4A0DA7BD58DB}.Ad-Hoc|ARM.Build.0 = Debug|Any CPU
		{17AA3A32-041F-499B-86C0-4A0DA7BD58DB}.Ad-Hoc|iPhone.ActiveCfg = Debug|Any CPU
		{17AA3A32-041F-499B-86C0-4A0DA7BD58DB}.Ad-Hoc|iPhone.Build.0 = Debug|Any CPU
		{17AA3A32-041F-499B-86C0-4A0DA7BD58DB}.Ad-Hoc|iPhoneSimulator.ActiveCfg = Debug|Any CPU
		{17AA3A32-041F-499B-86C0-4A0DA7BD58DB}.Ad-Hoc|iPhoneSimulator.Build.0 = Debug|Any CPU
		{17AA3A32-041F-499B-86C0-4A0DA7BD58DB}.Ad-Hoc|x64.ActiveCfg = Debug|Any CPU
		{17AA3A32-041F-499B-86C0-4A0DA7BD58DB}.Ad-Hoc|x64.Build.0 = Debug|Any CPU
		{17AA3A32-041F-499B-86C0-4A0DA7BD58DB}.Ad-Hoc|x86.ActiveCfg = Debug|Any CPU
		{17AA3A32-041F-499B-86C0-4A0DA7BD58DB}.Ad-Hoc|x86.Build.0 = Debug|Any CPU
		{17AA3A32-041F-499B-86C0-4A0DA7BD58DB}.AppStore|Any CPU.ActiveCfg = Debug|Any CPU
		{17AA3A32-041F-499B-86C0-4A0DA7BD58DB}.AppStore|Any CPU.Build.0 = Debug|Any CPU
		{17AA3A32-041F-499B-86C0-4A0DA7BD58DB}.AppStore|ARM.ActiveCfg = Debug|Any CPU
		{17AA3A32-041F-499B-86C0-4A0DA7BD58DB}.AppStore|ARM.Build.0 = Debug|Any CPU
		{17AA3A32-041F-499B-86C0-4A0DA7BD58DB}.AppStore|iPhone.ActiveCfg = Debug|Any CPU
		{17AA3A32-041F-499B-86C0-4A0DA7BD58DB}.AppStore|iPhone.Build.0 = Debug|Any CPU
		{17AA3A32-041F-499B-86C0-4A0DA7BD58DB}.AppStore|iPhoneSimulator.ActiveCfg = Debug|Any CPU
		{17AA3A32-041F-499B-86C0-4A0DA7BD58DB}.AppStore|iPhoneSimulator.Build.0 = Debug|Any CPU
		{17AA3A32-041F-499B-86C0-4A0DA7BD58DB}.AppStore|x64.ActiveCfg = Debug|Any CPU
		{17AA3A32-041F-499B-86C0-4A0DA7BD58DB}.AppStore|x64.Build.0 = Debug|Any CPU
		{17AA3A32-041F-499B-86C0-4A0DA7BD58DB}.AppStore|x86.ActiveCfg = Debug|Any CPU
		{17AA3A32-041F-499B-86C0-4A0DA7BD58DB}.AppStore|x86.Build.0 = Debug|Any CPU
		{17AA3A32-041F-499B-86C0-4A0DA7BD58DB}.Debug|Any CPU.ActiveCfg = Debug|Any CPU
		{17AA3A32-041F-499B-86C0-4A0DA7BD58DB}.Debug|Any CPU.Build.0 = Debug|Any CPU
		{17AA3A32-041F-499B-86C0-4A0DA7BD58DB}.Debug|ARM.ActiveCfg = Debug|Any CPU
		{17AA3A32-041F-499B-86C0-4A0DA7BD58DB}.Debug|ARM.Build.0 = Debug|Any CPU
		{17AA3A32-041F-499B-86C0-4A0DA7BD58DB}.Debug|iPhone.ActiveCfg = Debug|Any CPU
		{17AA3A32-041F-499B-86C0-4A0DA7BD58DB}.Debug|iPhone.Build.0 = Debug|Any CPU
		{17AA3A32-041F-499B-86C0-4A0DA7BD58DB}.Debug|iPhoneSimulator.ActiveCfg = Debug|Any CPU
		{17AA3A32-041F-499B-86C0-4A0DA7BD58DB}.Debug|iPhoneSimulator.Build.0 = Debug|Any CPU
		{17AA3A32-041F-499B-86C0-4A0DA7BD58DB}.Debug|x64.ActiveCfg = Debug|Any CPU
		{17AA3A32-041F-499B-86C0-4A0DA7BD58DB}.Debug|x64.Build.0 = Debug|Any CPU
		{17AA3A32-041F-499B-86C0-4A0DA7BD58DB}.Debug|x86.ActiveCfg = Debug|Any CPU
		{17AA3A32-041F-499B-86C0-4A0DA7BD58DB}.Debug|x86.Build.0 = Debug|Any CPU
		{17AA3A32-041F-499B-86C0-4A0DA7BD58DB}.Release|Any CPU.ActiveCfg = Release|Any CPU
		{17AA3A32-041F-499B-86C0-4A0DA7BD58DB}.Release|Any CPU.Build.0 = Release|Any CPU
		{17AA3A32-041F-499B-86C0-4A0DA7BD58DB}.Release|ARM.ActiveCfg = Release|Any CPU
		{17AA3A32-041F-499B-86C0-4A0DA7BD58DB}.Release|ARM.Build.0 = Release|Any CPU
		{17AA3A32-041F-499B-86C0-4A0DA7BD58DB}.Release|iPhone.ActiveCfg = Release|Any CPU
		{17AA3A32-041F-499B-86C0-4A0DA7BD58DB}.Release|iPhone.Build.0 = Release|Any CPU
		{17AA3A32-041F-499B-86C0-4A0DA7BD58DB}.Release|iPhoneSimulator.ActiveCfg = Release|Any CPU
		{17AA3A32-041F-499B-86C0-4A0DA7BD58DB}.Release|iPhoneSimulator.Build.0 = Release|Any CPU
		{17AA3A32-041F-499B-86C0-4A0DA7BD58DB}.Release|x64.ActiveCfg = Release|Any CPU
		{17AA3A32-041F-499B-86C0-4A0DA7BD58DB}.Release|x64.Build.0 = Release|Any CPU
		{17AA3A32-041F-499B-86C0-4A0DA7BD58DB}.Release|x86.ActiveCfg = Release|Any CPU
		{17AA3A32-041F-499B-86C0-4A0DA7BD58DB}.Release|x86.Build.0 = Release|Any CPU
	EndGlobalSection
	GlobalSection(SolutionProperties) = preSolution
		HideSolutionNode = FALSE
	EndGlobalSection
	GlobalSection(ExtensibilityGlobals) = postSolution
		SolutionGuid = {8D50E06C-3DDD-43DE-BCC1-2B77E074EBEF}
	EndGlobalSection
EndGlobal
